{
  "version": 1,
  "dependencies": {
    "net10.0": {
      "Avalonia.Headless.XUnit": {
        "type": "Direct",
        "requested": "[12.1.0, )",
        "resolved": "12.1.0",
        "contentHash": "CBIHehyrTwKqc47JxPeJrFm7Q6GkPTHVVt43VxbxZolHgQ4rmNnhecnfc2jMPREHHNUyiJ3U7PkiOsM6VYtMNw==",
        "dependencies": {
          "Avalonia.Headless": "12.1.0",
          "xunit.v3.extensibility.core": "3.2.2"
        }
      },
      "Microsoft.NET.Test.Sdk": {
        "type": "Direct",
        "requested": "[18.6.0, )",
        "resolved": "18.6.0",
        "contentHash": "kAIBt0MsYR0o2RULmlW5BhQ1ha50aGEgLKG4f1p0kePBGLJCprqs3S+NxRrYN8UH7mSQRPKpeiH9mwPMEKUObQ==",
        "dependencies": {
          "Microsoft.CodeCoverage": "18.6.0",
          "Microsoft.TestPlatform.TestHost": "18.6.0"
        }
      },
      "xunit.runner.visualstudio": {
        "type": "Direct",
        "requested": "[4.0.0, )",
        "resolved": "4.0.0",
        "contentHash": "kzLFyBYUnoidpGOXvpNOfIo8C92gVgVR6X8ncHwhcrDYugiOut5rrhDkr0L3cWHd7J2pKXf6LgaeXoBBDlx1ag=="
      },
      "xunit.v3": {
        "type": "Direct",
        "requested": "[3.2.2, )",
        "resolved": "3.2.2",
        "contentHash": "L+4/4y0Uqcg8/d6hfnxhnwh4j9FaeULvefTwrk30rr1o4n/vdPfyUQ8k0yzH8VJx7bmFEkDdcRfbtbjEHlaYcA==",
        "dependencies": {
          "xunit.v3.mtp-v1": "[3.2.2]"
        }
      },
      "Avalonia": {
        "type": "Transitive",
        "resolved": "12.1.0",
        "contentHash": "an4ugAy2q6GTdaFl635V8W/LKrWNL+mnSFUprbgyf8m1Zzf9WgoGaF5ajGv5i4gXefMZrzsUPV1QU+kKrgwCWg==",
        "dependencies": {
          "Avalonia.BuildServices": "11.3.2",
          "Avalonia.Remote.Protocol": "12.1.0",
          "MicroCom.Runtime": "0.11.6"
        }
      },
      "Avalonia.Angle.Windows.Natives": {
        "type": "Transitive",
        "resolved": "2.1.27548.20260419",
        "contentHash": "l17nI3XVDN3oMnpjf2pnmJg0YTwK4m6NLsn/itAjDMdObTFxN77D5F1M9sRMSfViSY3KKcse1ROczwgoWLJsnA=="
      },
      "Avalonia.BuildServices": {
        "type": "Transitive",
        "resolved": "11.3.2",
        "contentHash": "qHDToxto1e3hci5YqbG9n0Ty8mlp3zBUN5wT66wKqaDVzXyQ0do3EnRILd4Ke9jpvsktaPpgE0YjEk7hornryQ=="
      },
      "Avalonia.Controls.ColorPicker": {
        "type": "Transitive",
        "resolved": "12.1.0",
        "contentHash": "5ye5pHOKNSPh/lqQlQ/Z4rKwTjzjCGqlWseycjAuJp4DjyDR2ZH1mt3GBgL7K/y1Th+Gxu+LfM9IqIe6UqlxFA==",
        "dependencies": {
          "Avalonia": "12.1.0",
          "Avalonia.Remote.Protocol": "12.1.0"
        }
      },
      "Avalonia.Desktop": {
        "type": "Transitive",
        "resolved": "12.1.0",
        "contentHash": "mxhz50At61IBQbB/bCo5JGp53rPi3GerGO9mFo/v93uBHa4J3cz3NSSqnVWSyQXKbPCwQhrogfEFWbKBgecy1w==",
        "dependencies": {
          "Avalonia": "12.1.0",
          "Avalonia.HarfBuzz": "12.1.0",
          "Avalonia.Native": "12.1.0",
          "Avalonia.Skia": "12.1.0",
          "Avalonia.Win32": "12.1.0",
          "Avalonia.X11": "12.1.0"
        }
      },
      "Avalonia.Fonts.Inter": {
        "type": "Transitive",
        "resolved": "12.1.0",
        "contentHash": "2mK5Rv6aMWgXfQ2JZOq1Wo2bTNAfiidg2GO4b3MgLRN89ezfvfsSfp4P5Pl4ssRcWWwdV0jGzIw8n0xc9B26VA==",
        "dependencies": {
          "Avalonia": "12.1.0"
        }
      },
      "Avalonia.FreeDesktop": {
        "type": "Transitive",
        "resolved": "12.1.0",
        "contentHash": "89mrS7dSYtisJrjQufCOomHeAynlVVKZ+dq4leKtzHXXKVoWsE0Nb2ymiNYPMlirwzwpemflGj+K34opwyLeJQ==",
        "dependencies": {
          "Avalonia": "12.1.0",
          "Tmds.DBus.Protocol": "0.94.1"
        }
      },
      "Avalonia.FreeDesktop.AtSpi": {
        "type": "Transitive",
        "resolved": "12.1.0",
        "contentHash": "WWahMjzKtDl2PGHa8mS6NHIVMT+JNKVIeT5xMLp9SBTMvjHNpEbXTX3PNbbIQ7hRMSETAJ/PAnvgOzatGktEKQ==",
        "dependencies": {
          "Avalonia": "12.1.0"
        }
      },
      "Avalonia.HarfBuzz": {
        "type": "Transitive",
        "resolved": "12.1.0",
        "contentHash": "uWPa/kg+fmqhrUR5GzFC2ZL2MPszxcEy14hTSwu3VhjwTnaVarUozoPmggQjZG4A4s6w2bcGepsYYaCM/eOoMA==",
        "dependencies": {
          "Avalonia": "12.1.0",
          "HarfBuzzSharp": "8.3.1.3",
          "HarfBuzzSharp.NativeAssets.Linux": "8.3.1.3",
          "HarfBuzzSharp.NativeAssets.WebAssembly": "8.3.1.3"
        }
      },
      "Avalonia.Headless": {
        "type": "Transitive",
        "resolved": "12.1.0",
        "contentHash": "wyRPmeYuQrdcgZg5hgbxXbU8+zSvIDH9J2Dk4QmxStHcqrEKhhyGqVvDzAKo99SmTNFUbTBlO7Ql5HMMxqRyeA==",
        "dependencies": {
          "Avalonia": "12.1.0",
          "Avalonia.Fonts.Inter": "12.1.0",
          "Avalonia.HarfBuzz": "12.1.0"
        }
      },
      "Avalonia.Native": {
        "type": "Transitive",
        "resolved": "12.1.0",
        "contentHash": "mfNMtGP7rEVWSZoii0l40mlNhgNR6ZISTvHP7OAMn5YQHiK66EjfN26SL/kLnz1buy2VtMIiGVBbIttL8FYCZg==",
        "dependencies": {
          "Avalonia": "12.1.0"
        }
      },
      "Avalonia.Remote.Protocol": {
        "type": "Transitive",
        "resolved": "12.1.0",
        "contentHash": "p6OKt6O7vOub4TS2pAjaeW0Y13oxrPs4uixeVZpJByiSQKKk+LyApN5yRy2JerpfTMtI86Y5pNwugyKTHZJnAw=="
      },
      "Avalonia.Skia": {
        "type": "Transitive",
        "resolved": "12.1.0",
        "contentHash": "K63pwExQkcjVbsYJOiOq0hYAO4G5d7T42yK8MGNrvwBKv/bJVlV14jGvV4wXcsuYAU8IWlOHgqq5sMUiDfj4vw==",
        "dependencies": {
          "Avalonia": "12.1.0",
          "HarfBuzzSharp": "8.3.1.3",
          "HarfBuzzSharp.NativeAssets.Linux": "8.3.1.3",
          "HarfBuzzSharp.NativeAssets.WebAssembly": "8.3.1.3",
          "SkiaSharp": "3.119.4",
          "SkiaSharp.NativeAssets.Linux": "3.119.4",
          "SkiaSharp.NativeAssets.WebAssembly": "3.119.4"
        }
      },
      "Avalonia.Themes.Fluent": {
        "type": "Transitive",
        "resolved": "12.1.0",
        "contentHash": "MVi5L9HymnNm+gP2aNXNcyrP2iKGJWFubQ5Bv8/Przflxca1aIT9QBpTUV6c3olA9rLYFY7MJRR/C/BZaUhemQ==",
        "dependencies": {
          "Avalonia": "12.1.0"
        }
      },
      "Avalonia.Win32": {
        "type": "Transitive",
        "resolved": "12.1.0",
        "contentHash": "D0xxPtFeOK8cKK991ul92rlFtDO3II0E44dHM0ix4/8LVc9+1LaMdbf1eMnp1RclFwX2bt7HPhbySnrG5uArxA==",
        "dependencies": {
          "Avalonia": "12.1.0",
          "Avalonia.Angle.Windows.Natives": "2.1.27548.20260419"
        }
      },
      "Avalonia.X11": {
        "type": "Transitive",
        "resolved": "12.1.0",
        "contentHash": "6+YHVGf44ictmGj88diMCw9pC9tiwnMlUgosDi0VDmyUQFuy/mJIa4J0rZu6G+UMbjGuyLDQLmtvU4tTOhLMPg==",
        "dependencies": {
          "Avalonia": "12.1.0",
          "Avalonia.FreeDesktop": "12.1.0",
          "Avalonia.FreeDesktop.AtSpi": "12.1.0",
          "Avalonia.Skia": "12.1.0"
        }
      },
      "HarfBuzzSharp": {
        "type": "Transitive",
        "resolved": "8.3.1.3",
        "contentHash": "NGZ2+ZVNPM+NdHB/asW0/ykWngyHWwcqjrbN2nDeH1B/aptPGlCUl8wkQ2cSJxw5fdWgdmIPmNuTPWpLwNVXWg==",
        "dependencies": {
          "HarfBuzzSharp.NativeAssets.Win32": "8.3.1.3",
          "HarfBuzzSharp.NativeAssets.macOS": "8.3.1.3"
        }
      },
      "HarfBuzzSharp.NativeAssets.Linux": {
        "type": "Transitive",
        "resolved": "8.3.1.3",
        "contentHash": "RI6A1LgmooU30+4QIyFt5rmBCzP0VzTR+587IJSGvYIsHHWlahFufihYxtraLfsIhW7I8dn6+xX+DZGygOPKWQ=="
      },
      "HarfBuzzSharp.NativeAssets.macOS": {
        "type": "Transitive",
        "resolved": "8.3.1.3",
        "contentHash": "KPTq0xnslkI6nAo0jh3ptcQPJvZZr7MWYXa2jUe4SnHc9q+JlHElmNXp0sfFoiTgoCX7WOYpYsurypuH9Gehxw=="
      },
      "HarfBuzzSharp.NativeAssets.WebAssembly": {
        "type": "Transitive",
        "resolved": "8.3.1.3",
        "contentHash": "w2QfdNm9Uz/sUa0B5D+OnVQhyq3G/fBq6ibQMdWBlQqqwh0g0/5j3RFvYqZAmRZ5+RzvjVe8o8SFFnWYUSkuxA=="
      },
      "HarfBuzzSharp.NativeAssets.Win32": {
        "type": "Transitive",
        "resolved": "8.3.1.3",
        "contentHash": "bx8CE8Js+XGX8PUxAHCBDEORt5aaBYtMN4Hr9QFs57Xithh6yjUyYqksizH6eRDhJkwsGI+SXWmPmMm8lZC9Pw=="
      },
      "K4os.Compression.LZ4": {
        "type": "Transitive",
        "resolved": "1.3.8",
        "contentHash": "LhwlPa7c1zs1OV2XadMtAWdImjLIsqFJPoRcIWAadSRn0Ri1DepK65UbWLPmt4riLqx2d40xjXRk0ogpqNtK7g=="
      },
      "MicroCom.Runtime": {
        "type": "Transitive",
        "resolved": "0.11.6",
        "contentHash": "NdNWGDiZ6eS/Mf/9+QHR91cj1K7Hy+PX9yrHI/zM7xFYuj9IWT2uxtB6sCHjrnxAeLV9fut1R6zHDUGKX6f9lQ=="
      },
      "Microsoft.ApplicationInsights": {
        "type": "Transitive",
        "resolved": "2.23.0",
        "contentHash": "nWArUZTdU7iqZLycLKWe0TDms48KKGE6pONH2terYNa8REXiqixrMOkf1sk5DHGMaUTqONU2YkS4SAXBhLStgw=="
      },
      "Microsoft.Bcl.AsyncInterfaces": {
        "type": "Transitive",
        "resolved": "6.0.0",
        "contentHash": "UcSjPsst+DfAdJGVDsu346FX0ci0ah+lw3WRtn18NUwEqRt70HaOQ7lI72vy3+1LxtqI3T5GWwV39rQSrCzAeg=="
      },
      "Microsoft.CodeCoverage": {
        "type": "Transitive",
        "resolved": "18.6.0",
        "contentHash": "bkmCXn/65Cd0LdO2zTb/ValGAJ1H8y/CgYOiBb3jsDyHI3Y1ljKx6RBvhvn3e5D/4R4I00RRwLf+Bd2Sn6bJjA=="
      },
      "Microsoft.Testing.Extensions.Telemetry": {
        "type": "Transitive",
        "resolved": "1.9.1",
        "contentHash": "No5AudZMmSb+uNXjlgL2y3/stHD2IT4uxqc5yHwkE+/nNux9jbKcaJMvcp9SwgP4DVD8L9/P3OUz8mmmcvEIdQ==",
        "dependencies": {
          "Microsoft.ApplicationInsights": "2.23.0",
          "Microsoft.Testing.Platform": "1.9.1"
        }
      },
      "Microsoft.Testing.Extensions.TrxReport.Abstractions": {
        "type": "Transitive",
        "resolved": "1.9.1",
        "contentHash": "AL46Xe1WBi85Ntd4mNPvat5ZSsZ2uejiVqoKCypr8J3wK0elA5xJ3AN4G/Q4GIwzUFnggZoH/DBjnr9J18IO/g==",
        "dependencies": {
          "Microsoft.Testing.Platform": "1.9.1"
        }
      },
      "Microsoft.Testing.Platform": {
        "type": "Transitive",
        "resolved": "1.9.1",
        "contentHash": "QafNtNSmEI0zazdebnsIkDKmFtTSpmx/5PLOjURWwozcPb3tvRxzosQSL8xwYNM1iPhhKiBksXZyRSE2COisrA=="
      },
      "Microsoft.Testing.Platform.MSBuild": {
        "type": "Transitive",
        "resolved": "1.9.1",
        "contentHash": "oTUtyR4X/s9ytuiNA29FGsNCCH0rNmY5Wdm14NCKLjTM1cT9edVSlA+rGS/mVmusPqcP0l/x9qOnMXg16v87RQ==",
        "dependencies": {
          "Microsoft.Testing.Platform": "1.9.1"
        }
      },
      "Microsoft.TestPlatform.ObjectModel": {
        "type": "Transitive",
        "resolved": "18.6.0",
        "contentHash": "gQTW4BIfM2ZLxixo9ITXoulLKjn20FiiHtqTsx9PENqTrX7368ZeJ5L0QZJyReXDWORPRV8jXwZR6Aar8JOyaA=="
      },
      "Microsoft.TestPlatform.TestHost": {
        "type": "Transitive",
        "resolved": "18.6.0",
        "contentHash": "em1eLz5Q46+hsCtAXdXggWAPd9gQyT4ngdsQ7k1eWvQgpsjtS/wAOJ/5TteieFdiAvrEq1iVn00LtusAxRaVmQ==",
        "dependencies": {
          "Microsoft.TestPlatform.ObjectModel": "18.6.0",
          "Newtonsoft.Json": "13.0.3"
        }
      },
      "Microsoft.Win32.Registry": {
        "type": "Transitive",
        "resolved": "5.0.0",
        "contentHash": "dDoKi0PnDz31yAyETfRntsLArTlVAVzUzCIvvEDsDsucrl33Dl8pIJG06ePTJTI3tGpeyHS9Cq7Foc/s4EeKcg=="
      },
      "Newtonsoft.Json": {
        "type": "Transitive",
        "resolved": "13.0.3",
        "contentHash": "HrC5BXdl00IP9zeV+0Z848QWPAoCr9P3bDEZguI+gkLcBKAOxix/tLEAAHC+UvDNPv4a2d18lOReHMOagPa+zQ=="
      },
      "SkiaSharp": {
        "type": "Transitive",
        "resolved": "3.119.4",
        "contentHash": "53NOSUZ1Us+91Sm0uCkIivh/k7jOowRErZT2sIWwPFN9mLUvdxnE6rS4sWo4255+Rd2MWUSF+j0NMZHD6Cke+Q==",
        "dependencies": {
          "SkiaSharp.NativeAssets.Win32": "3.119.4",
          "SkiaSharp.NativeAssets.macOS": "3.119.4"
        }
      },
      "SkiaSharp.NativeAssets.Linux": {
        "type": "Transitive",
        "resolved": "3.119.4",
        "contentHash": "UAyVzbqNfZsZbKbzj68zXLyUyF/SbTKmzTfOO6qDu++dtIUMMTzPBe8oOuzU/DiewpfKoUUlOSsJmqWc6blxBw=="
      },
      "SkiaSharp.NativeAssets.macOS": {
        "type": "Transitive",
        "resolved": "3.119.4",
        "contentHash": "fgBOWEqbY012x7gMfJU4ezgz6dfhJb30Z6YdW35h85Zoe39+a8YNbAAwL29ihPfWoppg5AjvyKNzD1oCvlqWwA=="
      },
      "SkiaSharp.NativeAssets.WebAssembly": {
        "type": "Transitive",
        "resolved": "3.119.4",
        "contentHash": "S1HOxtBbD4bYDtA2e9WH5TX+lxqRrTPvKjrjttRhxnHNNu7YY8VFo/LeCP7tNqoTA6PV+8vsvNbmRUEC2ip8RQ=="
      },
      "SkiaSharp.NativeAssets.Win32": {
        "type": "Transitive",
        "resolved": "3.119.4",
        "contentHash": "XOpbx/4CReO2wYsq2s6rbvdauc6dntG4Zv499sHGTJ87bwZaFXszFkwql3+FIZMc8kUPeaj3Mx2ezIJmo8a1Kg=="
      },
      "Tmds.DBus.Protocol": {
        "type": "Transitive",
        "resolved": "0.94.1",
        "contentHash": "11YMr7FnAbL83bQmVxlhbIKHvSLxjO81D12Ej0QMSGXMDTxNA9MTOa4MQxx43nv5el/efuPHwzyrj6a5ha2gug=="
      },
      "xunit.analyzers": {
        "type": "Transitive",
        "resolved": "1.27.0",
        "contentHash": "y/pxIQaLvk/kxAoDkZW9GnHLCEqzwl5TW0vtX3pweyQpjizB9y3DXhb9pkw2dGeUqhLjsxvvJM1k89JowU6z3g=="
      },
      "xunit.v3.assert": {
        "type": "Transitive",
        "resolved": "3.2.2",
        "contentHash": "BPciBghgEEaJN/JG00QfCYDfEfnLgQhfnYEy+j1izoeHVNYd5+3Wm8GJ6JgYysOhpBPYGE+sbf75JtrRc7jrdA=="
      },
      "xunit.v3.common": {
        "type": "Transitive",
        "resolved": "3.2.2",
        "contentHash": "Hj775PEH6GTbbg0wfKRvG2hNspDCvTH9irXhH4qIWgdrOSV1sQlqPie+DOvFeigsFg2fxSM3ZAaaCDQs+KreFA==",
        "dependencies": {
          "Microsoft.Bcl.AsyncInterfaces": "6.0.0"
        }
      },
      "xunit.v3.core.mtp-v1": {
        "type": "Transitive",
        "resolved": "3.2.2",
        "contentHash": "Ga5aA2Ca9ktz+5k3g5ukzwfexwoqwDUpV6z7atSEUvqtd6JuybU1XopHqg1oFd78QdTfZgZE9h5sHpO4qYIi5w==",
        "dependencies": {
          "Microsoft.Testing.Extensions.Telemetry": "1.9.1",
          "Microsoft.Testing.Extensions.TrxReport.Abstractions": "1.9.1",
          "Microsoft.Testing.Platform": "1.9.1",
          "Microsoft.Testing.Platform.MSBuild": "1.9.1",
          "xunit.v3.extensibility.core": "[3.2.2]",
          "xunit.v3.runner.inproc.console": "[3.2.2]"
        }
      },
      "xunit.v3.extensibility.core": {
        "type": "Transitive",
        "resolved": "3.2.2",
        "contentHash": "srY8z/oMPvh/t8axtO2DwrHajhFMH7tnqKildvYrVQIfICi8fOn3yIBWkVPAcrKmHMwvXRJ/XsQM3VMR6DOYfQ==",
        "dependencies": {
          "xunit.v3.common": "[3.2.2]"
        }
      },
      "xunit.v3.mtp-v1": {
        "type": "Transitive",
        "resolved": "3.2.2",
        "contentHash": "O41aAzYKBT5PWqATa1oEWVNCyEUypFQ4va6K0kz37dduV3EKzXNMaV2UnEhufzU4Cce1I33gg0oldS8tGL5I0A==",
        "dependencies": {
          "xunit.analyzers": "1.27.0",
          "xunit.v3.assert": "[3.2.2]",
          "xunit.v3.core.mtp-v1": "[3.2.2]"
        }
      },
      "xunit.v3.runner.common": {
        "type": "Transitive",
        "resolved": "3.2.2",
        "contentHash": "/hkHkQCzGrugelOAehprm7RIWdsUFVmIVaD6jDH/8DNGCymTlKKPTbGokD5czbAfqfex47mBP0sb0zbHYwrO/g==",
        "dependencies": {
          "Microsoft.Win32.Registry": "[5.0.0]",
          "xunit.v3.common": "[3.2.2]"
        }
      },
      "xunit.v3.runner.inproc.console": {
        "type": "Transitive",
        "resolved": "3.2.2",
        "contentHash": "ulWOdSvCk+bPXijJZ73bth9NyoOHsAs1ZOvamYbCkD4DNLX/Bd29Ve2ZNUwBbK0MqfIYWXHZViy/HKrdEC/izw==",
        "dependencies": {
          "xunit.v3.extensibility.core": "[3.2.2]",
          "xunit.v3.runner.common": "[3.2.2]"
        }
      },
      "quartermaster.core": {
        "type": "Project",
        "dependencies": {
          "Quartermaster.Repatcher": "[0.2.2, )"
        }
      },
      "quartermaster.gui": {
        "type": "Project",
        "dependencies": {
          "Avalonia": "[12.1.0, )",
          "Avalonia.Controls.ColorPicker": "[12.1.0, )",
          "Avalonia.Desktop": "[12.1.0, )",
          "Avalonia.Fonts.Inter": "[12.1.0, )",
          "Avalonia.Themes.Fluent": "[12.1.0, )",
          "Quartermaster.Library": "[0.2.2, )",
          "Quartermaster.Providers": "[0.2.2, )"
        }
      },
      "quartermaster.library": {
        "type": "Project",
        "dependencies": {
          "Quartermaster.Core": "[0.2.2, )"
        }
      },
      "quartermaster.providers": {
        "type": "Project",
        "dependencies": {
          "Quartermaster.Library": "[0.2.2, )"
        }
      },
      "quartermaster.repatcher": {
        "type": "Project",
        "dependencies": {
          "K4os.Compression.LZ4": "[1.3.8, )"
        }
      }
    }
  }
}